
Microsoft Visual Studio Solution File, Format Version 12.00
# Visual Studio Version 17
VisualStudioVersion = 17.4.33110.190
MinimumVisualStudioVersion = 10.0.40219.1
Project("{9A19103F-16F7-4668-BE54-9A1E7A4F7556}") = "ConsoleApp", "ConsoleApp\ConsoleApp.csproj", "{F2E039B6-B55E-4964-B557-C5743123359F}"
EndProject
Project("{9A19103F-16F7-4668-BE54-9A1E7A4F7556}") = "ConsoleApp.Test.xUnit", "ConsoleApp.Test.xUnit\ConsoleApp.Test.xUnit.csproj", "{1FEFE207-8358-4B6E-89BC-F4FDC400A56A}"
EndProject
Project("{FAE04EC0-301F-11D3-BF4B-00C04F79EFBC}") = "ConsoleApp.Test.NUnit", "ConsoleApp.Test.NUnit\ConsoleApp.Test.NUnit.csproj", "{B38768C2-12C6-4B23-B0A0-AA3B3D8D8888}"
EndProject
Project("{FAE04EC0-301F-11D3-BF4B-00C04F79EFBC}") = "ConsoleApp.Test.MSTest", "ConsoleApp.Test.MSTest\ConsoleApp.Test.MSTest.csproj", "{0C17C61D-2451-4801-8575-7069A90FA459}"
EndProject
Project("{FAE04EC0-301F-11D3-BF4B-00C04F79EFBC}") = "Models", "Models\Models.csproj", "{FB60B2A1-57D1-42B0-8B6E-7B866A1AE913}"
EndProject
Project("{FAE04EC0-301F-11D3-BF4B-00C04F79EFBC}") = "Services.Interfaces", "Services.Interfaces\Services.Interfaces.csproj", "{A984AE32-3F0C-43BF-8294-8215A650210C}"
EndProject
Project("{FAE04EC0-301F-11D3-BF4B-00C04F79EFBC}") = "WebApi", "WebApi\WebApi.csproj", "{89A3911F-7486-4230-A7C7-8E4C4191B695}"
EndProject
Project("{FAE04EC0-301F-11D3-BF4B-00C04F79EFBC}") = "WebApi.Test.xUnit", "WebApi.Test.xUnit\WebApi.Test.xUnit.csproj", "{6E0E627A-2DDF-424F-9123-816AE4F95A09}"
EndProject
Global
	GlobalSection(SolutionConfigurationPlatforms) = preSolution
		Debug|Any CPU = Debug|Any CPU
		Release|Any CPU = Release|Any CPU
	EndGlobalSection
	GlobalSection(ProjectConfigurationPlatforms) = postSolution
		{F2E039B6-B55E-4964-B557-C5743123359F}.Debug|Any CPU.ActiveCfg = Debug|Any CPU
		{F2E039B6-B55E-4964-B557-C5743123359F}.Debug|Any CPU.Build.0 = Debug|Any CPU
		{F2E039B6-B55E-4964-B557-C5743123359F}.Release|Any CPU.ActiveCfg = Release|Any CPU
		{F2E039B6-B55E-4964-B557-C5743123359F}.Release|Any CPU.Build.0 = Release|Any CPU
		{1FEFE207-8358-4B6E-89BC-F4FDC400A56A}.Debug|Any CPU.ActiveCfg = Debug|Any CPU
		{1FEFE207-8358-4B6E-89BC-F4FDC400A56A}.Debug|Any CPU.Build.0 = Debug|Any CPU
		{1FEFE207-8358-4B6E-89BC-F4FDC400A56A}.Release|Any CPU.ActiveCfg = Release|Any CPU
		{1FEFE207-8358-4B6E-89BC-F4FDC400A56A}.Release|Any CPU.Build.0 = Release|Any CPU
		{B38768C2-12C6-4B23-B0A0-AA3B3D8D8888}.Debug|Any CPU.ActiveCfg = Debug|Any CPU
		{B38768C2-12C6-4B23-B0A0-AA3B3D8D8888}.Debug|Any CPU.Build.0 = Debug|Any CPU
		{B38768C2-12C6-4B23-B0A0-AA3B3D8D8888}.Release|Any CPU.ActiveCfg = Release|Any CPU
		{B38768C2-12C6-4B23-B0A0-AA3B3D8D8888}.Release|Any CPU.Build.0 = Release|Any CPU
		{0C17C61D-2451-4801-8575-7069A90FA459}.Debug|Any CPU.ActiveCfg = Debug|Any CPU
		{0C17C61D-2451-4801-8575-7069A90FA459}.Debug|Any CPU.Build.0 = Debug|Any CPU
		{0C17C61D-2451-4801-8575-7069A90FA459}.Release|Any CPU.ActiveCfg = Release|Any CPU
		{0C17C61D-2451-4801-8575-7069A90FA459}.Release|Any CPU.Build.0 = Release|Any CPU
		{FB60B2A1-57D1-42B0-8B6E-7B866A1AE913}.Debug|Any CPU.ActiveCfg = Debug|Any CPU
		{FB60B2A1-57D1-42B0-8B6E-7B866A1AE913}.Debug|Any CPU.Build.0 = Debug|Any CPU
		{FB60B2A1-57D1-42B0-8B6E-7B866A1AE913}.Release|Any CPU.ActiveCfg = Release|Any CPU
		{FB60B2A1-57D1-42B0-8B6E-7B866A1AE913}.Release|Any CPU.Build.0 = Release|Any CPU
		{A984AE32-3F0C-43BF-8294-8215A650210C}.Debug|Any CPU.ActiveCfg = Debug|Any CPU
		{A984AE32-3F0C-43BF-8294-8215A650210C}.Debug|Any CPU.Build.0 = Debug|Any CPU
		{A984AE32-3F0C-43BF-8294-8215A650210C}.Release|Any CPU.ActiveCfg = Release|Any CPU
		{A984AE32-3F0C-43BF-8294-8215A650210C}.Release|Any CPU.Build.0 = Release|Any CPU
		{89A3911F-7486-4230-A7C7-8E4C4191B695}.Debug|Any CPU.ActiveCfg = Debug|Any CPU
		{89A3911F-7486-4230-A7C7-8E4C4191B695}.Debug|Any CPU.Build.0 = Debug|Any CPU
		{89A3911F-7486-4230-A7C7-8E4C4191B695}.Release|Any CPU.ActiveCfg = Release|Any CPU
		{89A3911F-7486-4230-A7C7-8E4C4191B695}.Release|Any CPU.Build.0 = Release|Any CPU
		{6E0E627A-2DDF-424F-9123-816AE4F95A09}.Debug|Any CPU.ActiveCfg = Debug|Any CPU
		{6E0E627A-2DDF-424F-9123-816AE4F95A09}.Debug|Any CPU.Build.0 = Debug|Any CPU
		{6E0E627A-2DDF-424F-9123-816AE4F95A09}.Release|Any CPU.ActiveCfg = Release|Any CPU
		{6E0E627A-2DDF-424F-9123-816AE4F95A09}.Release|Any CPU.Build.0 = Release|Any CPU
	EndGlobalSection
	GlobalSection(SolutionProperties) = preSolution
		HideSolutionNode = FALSE
	EndGlobalSection
	GlobalSection(ExtensibilityGlobals) = postSolution
		SolutionGuid = {03BE415C-648F-4307-96F6-F82E1BFC71C8}
	EndGlobalSection
EndGlobal
